
Microsoft Visual Studio Solution File, Format Version 12.00
# Visual Studio Version 17
VisualStudioVersion = 17.14.36414.22 d17.14
MinimumVisualStudioVersion = 10.0.40219.1
Project("{FAE04EC0-301F-11D3-BF4B-00C04F79EFBC}") = "Toms_Lager", "Toms_Lager\Toms_Lager.csproj", "{7EB3049A-A8A1-4C28-A831-8202088B85B4}"
EndProject
Global
	GlobalSection(SolutionConfigurationPlatforms) = preSolution
		Debug|Any CPU = Debug|Any CPU
		Release|Any CPU = Release|Any CPU
	EndGlobalSection
	GlobalSection(ProjectConfigurationPlatforms) = postSolution
		{7EB3049A-A8A1-4C28-A831-8202088B85B4}.Debug|Any CPU.ActiveCfg = Debug|Any CPU
		{7EB3049A-A8A1-4C28-A831-8202088B85B4}.Debug|Any CPU.Build.0 = Debug|Any CPU
		{7EB3049A-A8A1-4C28-A831-8202088B85B4}.Release|Any CPU.ActiveCfg = Release|Any CPU
		{7EB3049A-A8A1-4C28-A831-8202088B85B4}.Release|Any CPU.Build.0 = Release|Any CPU
	EndGlobalSection
	GlobalSection(SolutionProperties) = preSolution
		HideSolutionNode = FALSE
	EndGlobalSection
	GlobalSection(ExtensibilityGlobals) = postSolution
		SolutionGuid = {3FDCFBD5-71E4-40FA-92AC-88A5F8A8E889}
	EndGlobalSection
EndGlobal
